
Microsoft Visual Studio Solution File, Format Version 12.00
# Visual Studio Version 17
VisualStudioVersion = 17.6.33815.320
MinimumVisualStudioVersion = 10.0.40219.1
Project("{FAE04EC0-301F-11D3-BF4B-00C04F79EFBC}") = "WpfApp1", "WpfApp1\WpfApp1.csproj", "{447CC01E-7CC1-4E14-B331-46EF382BA02D}"
EndProject
Global
	GlobalSection(SolutionConfigurationPlatforms) = preSolution
		Debug|Any CPU = Debug|Any CPU
		Release|Any CPU = Release|Any CPU
	EndGlobalSection
	GlobalSection(ProjectConfigurationPlatforms) = postSolution
		{447CC01E-7CC1-4E14-B331-46EF382BA02D}.Debug|Any CPU.ActiveCfg = Debug|Any CPU
		{447CC01E-7CC1-4E14-B331-46EF382BA02D}.Debug|Any CPU.Build.0 = Debug|Any CPU
		{447CC01E-7CC1-4E14-B331-46EF382BA02D}.Release|Any CPU.ActiveCfg = Release|Any CPU
		{447CC01E-7CC1-4E14-B331-46EF382BA02D}.Release|Any CPU.Build.0 = Release|Any CPU
	EndGlobalSection
	GlobalSection(SolutionProperties) = preSolution
		HideSolutionNode = FALSE
	EndGlobalSection
	GlobalSection(ExtensibilityGlobals) = postSolution
		SolutionGuid = {F2C234A8-330E-41ED-80B6-95235E06339F}
	EndGlobalSection
EndGlobal
